
Microsoft Visual Studio Solution File, Format Version 12.00
# Visual Studio Version 17
VisualStudioVersion = 17.10.35122.118
MinimumVisualStudioVersion = 10.0.40219.1
Project("{2150E333-8FDC-42A3-9474-1A3956D46DE8}") = "src", "src", "{A40A204A-602E-4134-AB2B-FC23527640E2}"
EndProject
Project("{2150E333-8FDC-42A3-9474-1A3956D46DE8}") = "test", "test", "{D7C562FD-9903-4A73-9F29-2586FB463B8C}"
EndProject
Project("{2150E333-8FDC-42A3-9474-1A3956D46DE8}") = "Api", "Api", "{BDA89AE7-82BB-430A-B338-8C9860D219F2}"
EndProject
Project("{2150E333-8FDC-42A3-9474-1A3956D46DE8}") = "Core", "Core", "{9751823F-0AE0-46CF-922F-01661BAD5D87}"
EndProject
Project("{2150E333-8FDC-42A3-9474-1A3956D46DE8}") = "Infrastructure", "Infrastructure", "{79140354-C674-4E92-AEC7-905F98F1BA8D}"
EndProject
Project("{2150E333-8FDC-42A3-9474-1A3956D46DE8}") = "UI", "UI", "{833197C3-3BBB-4C70-BB6E-461BC71E82C5}"
EndProject
Project("{2150E333-8FDC-42A3-9474-1A3956D46DE8}") = "Freatures", "Freatures", "{3D07FD35-5E9E-4AE2-A8BF-84B99B23166A}"
EndProject
Project("{2150E333-8FDC-42A3-9474-1A3956D46DE8}") = "Mocks", "Mocks", "{AA40264C-091C-4530-AFB8-3360ADFE123E}"
EndProject
Project("{9A19103F-16F7-4668-BE54-9A1E7A4F7556}") = "AlkinanaPharmaManagment.Domain", "AlkinanaPharmaManagment.Domain\AlkinanaPharmaManagment.Domain.csproj", "{3C56A2A2-552D-4CB7-AABC-A3E915266C96}"
EndProject
Project("{2150E333-8FDC-42A3-9474-1A3956D46DE8}") = "Shared", "Shared", "{CC97370C-3AA8-402A-BA56-EC72DDAEB5D5}"
EndProject
Project("{9A19103F-16F7-4668-BE54-9A1E7A4F7556}") = "AlkinanaPharmanManagment.Shared", "AlkinanaPharmanManagment.Share\AlkinanaPharmanManagment.Shared.csproj", "{2A52CDA4-4BBA-4529-9A8C-312255F3D78A}"
EndProject
Project("{9A19103F-16F7-4668-BE54-9A1E7A4F7556}") = "AlkinanaPharmaManagment.Shared.Abstraction", "AlkinanaPharmaManagment.Shared.Abstraction\AlkinanaPharmaManagment.Shared.Abstraction.csproj", "{0C7B4471-1803-47AD-B361-B2FCF70F0684}"
EndProject
Project("{9A19103F-16F7-4668-BE54-9A1E7A4F7556}") = "AlkinanaPharmaManagment.Application", "AlkinanaPharmaManagment.Application\AlkinanaPharmaManagment.Application.csproj", "{71C98D91-4039-45C5-80C3-D19AA26E935F}"
EndProject
Project("{9A19103F-16F7-4668-BE54-9A1E7A4F7556}") = "AlkinanaPharmaManagment.Infrastructure", "AlkinanaPharmaManagment.Infrastructure\AlkinanaPharmaManagment.Infrastructure.csproj", "{03924C7B-0071-43FB-A780-CC6AEB439BCB}"
EndProject
Project("{9A19103F-16F7-4668-BE54-9A1E7A4F7556}") = "AlkinanaPharma.Identity", "AlkinanaPharma.Identity\AlkinanaPharma.Identity.csproj", "{731E60B8-C23E-42BE-BD99-1DA79641F122}"
EndProject
Project("{9A19103F-16F7-4668-BE54-9A1E7A4F7556}") = "AlkinanaPharmaManagement.Api", "AlkinanaPharmaManagement.Api\AlkinanaPharmaManagement.Api.csproj", "{7E9D1ECD-98E2-4998-80A3-8BFE3623D74C}"
EndProject
Global
	GlobalSection(SolutionConfigurationPlatforms) = preSolution
		Debug|Any CPU = Debug|Any CPU
		Release|Any CPU = Release|Any CPU
	EndGlobalSection
	GlobalSection(ProjectConfigurationPlatforms) = postSolution
		{3C56A2A2-552D-4CB7-AABC-A3E915266C96}.Debug|Any CPU.ActiveCfg = Debug|Any CPU
		{3C56A2A2-552D-4CB7-AABC-A3E915266C96}.Debug|Any CPU.Build.0 = Debug|Any CPU
		{3C56A2A2-552D-4CB7-AABC-A3E915266C96}.Release|Any CPU.ActiveCfg = Release|Any CPU
		{3C56A2A2-552D-4CB7-AABC-A3E915266C96}.Release|Any CPU.Build.0 = Release|Any CPU
		{2A52CDA4-4BBA-4529-9A8C-312255F3D78A}.Debug|Any CPU.ActiveCfg = Debug|Any CPU
		{2A52CDA4-4BBA-4529-9A8C-312255F3D78A}.Debug|Any CPU.Build.0 = Debug|Any CPU
		{2A52CDA4-4BBA-4529-9A8C-312255F3D78A}.Release|Any CPU.ActiveCfg = Release|Any CPU
		{2A52CDA4-4BBA-4529-9A8C-312255F3D78A}.Release|Any CPU.Build.0 = Release|Any CPU
		{0C7B4471-1803-47AD-B361-B2FCF70F0684}.Debug|Any CPU.ActiveCfg = Debug|Any CPU
		{0C7B4471-1803-47AD-B361-B2FCF70F0684}.Debug|Any CPU.Build.0 = Debug|Any CPU
		{0C7B4471-1803-47AD-B361-B2FCF70F0684}.Release|Any CPU.ActiveCfg = Release|Any CPU
		{0C7B4471-1803-47AD-B361-B2FCF70F0684}.Release|Any CPU.Build.0 = Release|Any CPU
		{71C98D91-4039-45C5-80C3-D19AA26E935F}.Debug|Any CPU.ActiveCfg = Debug|Any CPU
		{71C98D91-4039-45C5-80C3-D19AA26E935F}.Debug|Any CPU.Build.0 = Debug|Any CPU
		{71C98D91-4039-45C5-80C3-D19AA26E935F}.Release|Any CPU.ActiveCfg = Release|Any CPU
		{71C98D91-4039-45C5-80C3-D19AA26E935F}.Release|Any CPU.Build.0 = Release|Any CPU
		{03924C7B-0071-43FB-A780-CC6AEB439BCB}.Debug|Any CPU.ActiveCfg = Debug|Any CPU
		{03924C7B-0071-43FB-A780-CC6AEB439BCB}.Debug|Any CPU.Build.0 = Debug|Any CPU
		{03924C7B-0071-43FB-A780-CC6AEB439BCB}.Release|Any CPU.ActiveCfg = Release|Any CPU
		{03924C7B-0071-43FB-A780-CC6AEB439BCB}.Release|Any CPU.Build.0 = Release|Any CPU
		{731E60B8-C23E-42BE-BD99-1DA79641F122}.Debug|Any CPU.ActiveCfg = Debug|Any CPU
		{731E60B8-C23E-42BE-BD99-1DA79641F122}.Debug|Any CPU.Build.0 = Debug|Any CPU
		{731E60B8-C23E-42BE-BD99-1DA79641F122}.Release|Any CPU.ActiveCfg = Release|Any CPU
		{731E60B8-C23E-42BE-BD99-1DA79641F122}.Release|Any CPU.Build.0 = Release|Any CPU
		{7E9D1ECD-98E2-4998-80A3-8BFE3623D74C}.Debug|Any CPU.ActiveCfg = Debug|Any CPU
		{7E9D1ECD-98E2-4998-80A3-8BFE3623D74C}.Debug|Any CPU.Build.0 = Debug|Any CPU
		{7E9D1ECD-98E2-4998-80A3-8BFE3623D74C}.Release|Any CPU.ActiveCfg = Release|Any CPU
		{7E9D1ECD-98E2-4998-80A3-8BFE3623D74C}.Release|Any CPU.Build.0 = Release|Any CPU
	EndGlobalSection
	GlobalSection(SolutionProperties) = preSolution
		HideSolutionNode = FALSE
	EndGlobalSection
	GlobalSection(NestedProjects) = preSolution
		{BDA89AE7-82BB-430A-B338-8C9860D219F2} = {A40A204A-602E-4134-AB2B-FC23527640E2}
		{9751823F-0AE0-46CF-922F-01661BAD5D87} = {A40A204A-602E-4134-AB2B-FC23527640E2}
		{79140354-C674-4E92-AEC7-905F98F1BA8D} = {A40A204A-602E-4134-AB2B-FC23527640E2}
		{833197C3-3BBB-4C70-BB6E-461BC71E82C5} = {A40A204A-602E-4134-AB2B-FC23527640E2}
		{3D07FD35-5E9E-4AE2-A8BF-84B99B23166A} = {D7C562FD-9903-4A73-9F29-2586FB463B8C}
		{AA40264C-091C-4530-AFB8-3360ADFE123E} = {D7C562FD-9903-4A73-9F29-2586FB463B8C}
		{3C56A2A2-552D-4CB7-AABC-A3E915266C96} = {9751823F-0AE0-46CF-922F-01661BAD5D87}
		{CC97370C-3AA8-402A-BA56-EC72DDAEB5D5} = {A40A204A-602E-4134-AB2B-FC23527640E2}
		{2A52CDA4-4BBA-4529-9A8C-312255F3D78A} = {CC97370C-3AA8-402A-BA56-EC72DDAEB5D5}
		{0C7B4471-1803-47AD-B361-B2FCF70F0684} = {CC97370C-3AA8-402A-BA56-EC72DDAEB5D5}
		{71C98D91-4039-45C5-80C3-D19AA26E935F} = {9751823F-0AE0-46CF-922F-01661BAD5D87}
		{03924C7B-0071-43FB-A780-CC6AEB439BCB} = {79140354-C674-4E92-AEC7-905F98F1BA8D}
		{731E60B8-C23E-42BE-BD99-1DA79641F122} = {79140354-C674-4E92-AEC7-905F98F1BA8D}
		{7E9D1ECD-98E2-4998-80A3-8BFE3623D74C} = {BDA89AE7-82BB-430A-B338-8C9860D219F2}
	EndGlobalSection
	GlobalSection(ExtensibilityGlobals) = postSolution
		SolutionGuid = {6D3C89BF-613F-4648-80C1-E53C2503EE00}
	EndGlobalSection
EndGlobal
